
Microsoft Visual Studio Solution File, Format Version 12.00
Project("{FAE04EC0-301F-11D3-BF4B-00C04F79EFBC}") = "FundMarket.ConsoleApp", "FundMarket.ConsoleApp\FundMarket.ConsoleApp.csproj", "{C281FC56-D11A-4E0C-8862-93A28B7813C8}"
EndProject
Project("{FAE04EC0-301F-11D3-BF4B-00C04F79EFBC}") = "FundMarket.Reader", "FundMarket.Reader\FundMarket.Reader.csproj", "{E24BD75B-D977-4C74-82C7-2A9C0CF993A7}"
EndProject
Project("{FAE04EC0-301F-11D3-BF4B-00C04F79EFBC}") = "FundMarket.Database", "FundMarket.Database\FundMarket.Database.csproj", "{FED3A1C4-5FED-42D2-B57D-BBD13FA46506}"
EndProject
Project("{FAE04EC0-301F-11D3-BF4B-00C04F79EFBC}") = "FundMarket.Core", "FundMarket.Core\FundMarket.Core.csproj", "{32428807-824C-40D1-AAD1-A37430D6738F}"
EndProject
Project("{FAE04EC0-301F-11D3-BF4B-00C04F79EFBC}") = "FundMarket.Desktop", "FundMarket.Desktop\FundMarket.Desktop.csproj", "{3C35B035-346D-4EBB-A627-51AED9BA86C0}"
EndProject
Global
	GlobalSection(SolutionConfigurationPlatforms) = preSolution
		Debug|Any CPU = Debug|Any CPU
		Release|Any CPU = Release|Any CPU
	EndGlobalSection
	GlobalSection(ProjectConfigurationPlatforms) = postSolution
		{C281FC56-D11A-4E0C-8862-93A28B7813C8}.Debug|Any CPU.ActiveCfg = Debug|Any CPU
		{C281FC56-D11A-4E0C-8862-93A28B7813C8}.Debug|Any CPU.Build.0 = Debug|Any CPU
		{C281FC56-D11A-4E0C-8862-93A28B7813C8}.Release|Any CPU.ActiveCfg = Release|Any CPU
		{C281FC56-D11A-4E0C-8862-93A28B7813C8}.Release|Any CPU.Build.0 = Release|Any CPU
		{E24BD75B-D977-4C74-82C7-2A9C0CF993A7}.Debug|Any CPU.ActiveCfg = Debug|Any CPU
		{E24BD75B-D977-4C74-82C7-2A9C0CF993A7}.Debug|Any CPU.Build.0 = Debug|Any CPU
		{E24BD75B-D977-4C74-82C7-2A9C0CF993A7}.Release|Any CPU.ActiveCfg = Release|Any CPU
		{E24BD75B-D977-4C74-82C7-2A9C0CF993A7}.Release|Any CPU.Build.0 = Release|Any CPU
		{FED3A1C4-5FED-42D2-B57D-BBD13FA46506}.Debug|Any CPU.ActiveCfg = Debug|Any CPU
		{FED3A1C4-5FED-42D2-B57D-BBD13FA46506}.Debug|Any CPU.Build.0 = Debug|Any CPU
		{FED3A1C4-5FED-42D2-B57D-BBD13FA46506}.Release|Any CPU.ActiveCfg = Release|Any CPU
		{FED3A1C4-5FED-42D2-B57D-BBD13FA46506}.Release|Any CPU.Build.0 = Release|Any CPU
		{32428807-824C-40D1-AAD1-A37430D6738F}.Debug|Any CPU.ActiveCfg = Debug|Any CPU
		{32428807-824C-40D1-AAD1-A37430D6738F}.Debug|Any CPU.Build.0 = Debug|Any CPU
		{32428807-824C-40D1-AAD1-A37430D6738F}.Release|Any CPU.ActiveCfg = Release|Any CPU
		{32428807-824C-40D1-AAD1-A37430D6738F}.Release|Any CPU.Build.0 = Release|Any CPU
		{3C35B035-346D-4EBB-A627-51AED9BA86C0}.Debug|Any CPU.ActiveCfg = Debug|Any CPU
		{3C35B035-346D-4EBB-A627-51AED9BA86C0}.Debug|Any CPU.Build.0 = Debug|Any CPU
		{3C35B035-346D-4EBB-A627-51AED9BA86C0}.Release|Any CPU.ActiveCfg = Release|Any CPU
		{3C35B035-346D-4EBB-A627-51AED9BA86C0}.Release|Any CPU.Build.0 = Release|Any CPU
	EndGlobalSection
EndGlobal
