
Microsoft Visual Studio Solution File, Format Version 12.00
Project("{FAE04EC0-301F-11D3-BF4B-00C04F79EFBC}") = "FundMarketConsoleApp", "FundMarketConsoleApp\FundMarketConsoleApp.csproj", "{C281FC56-D11A-4E0C-8862-93A28B7813C8}"
EndProject
Project("{FAE04EC0-301F-11D3-BF4B-00C04F79EFBC}") = "FundMarketLibrary", "FundMarketLibrary\FundMarketLibrary.csproj", "{E24BD75B-D977-4C74-82C7-2A9C0CF993A7}"
EndProject
Global
	GlobalSection(SolutionConfigurationPlatforms) = preSolution
		Debug|Any CPU = Debug|Any CPU
		Release|Any CPU = Release|Any CPU
	EndGlobalSection
	GlobalSection(ProjectConfigurationPlatforms) = postSolution
		{C281FC56-D11A-4E0C-8862-93A28B7813C8}.Debug|Any CPU.ActiveCfg = Debug|Any CPU
		{C281FC56-D11A-4E0C-8862-93A28B7813C8}.Debug|Any CPU.Build.0 = Debug|Any CPU
		{C281FC56-D11A-4E0C-8862-93A28B7813C8}.Release|Any CPU.ActiveCfg = Release|Any CPU
		{C281FC56-D11A-4E0C-8862-93A28B7813C8}.Release|Any CPU.Build.0 = Release|Any CPU
		{E24BD75B-D977-4C74-82C7-2A9C0CF993A7}.Debug|Any CPU.ActiveCfg = Debug|Any CPU
		{E24BD75B-D977-4C74-82C7-2A9C0CF993A7}.Debug|Any CPU.Build.0 = Debug|Any CPU
		{E24BD75B-D977-4C74-82C7-2A9C0CF993A7}.Release|Any CPU.ActiveCfg = Release|Any CPU
		{E24BD75B-D977-4C74-82C7-2A9C0CF993A7}.Release|Any CPU.Build.0 = Release|Any CPU
	EndGlobalSection
EndGlobal
